
Microsoft Visual Studio Solution File, Format Version 12.00
# Visual Studio Version 16
VisualStudioVersion = 16.0.29920.165
MinimumVisualStudioVersion = 10.0.40219.1
Project("{9A19103F-16F7-4668-BE54-9A1E7A4F7556}") = "Infosys.PackXpress.ConsoleUI", "Infosys.PackXpress.ConsoleUI\Infosys.PackXpress.ConsoleUI.csproj", "{50FDD3F1-94F5-4292-B929-C3A1BB8EE233}"
EndProject
Project("{9A19103F-16F7-4668-BE54-9A1E7A4F7556}") = "Infosys.PackXpress.DAL", "Infosys.PackXpress.DAL\Infosys.PackXpress.DAL.csproj", "{CB181A6C-76A8-4C5A-B18D-807912C8CB81}"
EndProject
Project("{9A19103F-16F7-4668-BE54-9A1E7A4F7556}") = "ServiceLayer", "ServiceLayer\ServiceLayer.csproj", "{F091EC43-F35B-4E1A-B152-A4B5F48B3F83}"
EndProject
Project("{E24C65DC-7377-472B-9ABA-BC803B73C61A}") = "PackXpress", "PackXpress\", "{D344AA4A-2F85-4DE2-966D-C0CFE2B07EDE}"
	ProjectSection(WebsiteProperties) = preProject
		TargetFrameworkMoniker = ".NETFramework,Version%3Dv4.0"
		Debug.AspNetCompiler.VirtualPath = "/localhost_63419"
		Debug.AspNetCompiler.PhysicalPath = "PackXpress\"
		Debug.AspNetCompiler.TargetPath = "PrecompiledWeb\localhost_63419\"
		Debug.AspNetCompiler.Updateable = "true"
		Debug.AspNetCompiler.ForceOverwrite = "true"
		Debug.AspNetCompiler.FixedNames = "false"
		Debug.AspNetCompiler.Debug = "True"
		Release.AspNetCompiler.VirtualPath = "/localhost_63419"
		Release.AspNetCompiler.PhysicalPath = "PackXpress\"
		Release.AspNetCompiler.TargetPath = "PrecompiledWeb\localhost_63419\"
		Release.AspNetCompiler.Updateable = "true"
		Release.AspNetCompiler.ForceOverwrite = "true"
		Release.AspNetCompiler.FixedNames = "false"
		Release.AspNetCompiler.Debug = "False"
		VWDPort = "63419"
	EndProjectSection
EndProject
Global
	GlobalSection(SolutionConfigurationPlatforms) = preSolution
		Debug|Any CPU = Debug|Any CPU
		Release|Any CPU = Release|Any CPU
	EndGlobalSection
	GlobalSection(ProjectConfigurationPlatforms) = postSolution
		{50FDD3F1-94F5-4292-B929-C3A1BB8EE233}.Debug|Any CPU.ActiveCfg = Debug|Any CPU
		{50FDD3F1-94F5-4292-B929-C3A1BB8EE233}.Debug|Any CPU.Build.0 = Debug|Any CPU
		{50FDD3F1-94F5-4292-B929-C3A1BB8EE233}.Release|Any CPU.ActiveCfg = Release|Any CPU
		{50FDD3F1-94F5-4292-B929-C3A1BB8EE233}.Release|Any CPU.Build.0 = Release|Any CPU
		{CB181A6C-76A8-4C5A-B18D-807912C8CB81}.Debug|Any CPU.ActiveCfg = Debug|Any CPU
		{CB181A6C-76A8-4C5A-B18D-807912C8CB81}.Debug|Any CPU.Build.0 = Debug|Any CPU
		{CB181A6C-76A8-4C5A-B18D-807912C8CB81}.Release|Any CPU.ActiveCfg = Release|Any CPU
		{CB181A6C-76A8-4C5A-B18D-807912C8CB81}.Release|Any CPU.Build.0 = Release|Any CPU
		{F091EC43-F35B-4E1A-B152-A4B5F48B3F83}.Debug|Any CPU.ActiveCfg = Debug|Any CPU
		{F091EC43-F35B-4E1A-B152-A4B5F48B3F83}.Debug|Any CPU.Build.0 = Debug|Any CPU
		{F091EC43-F35B-4E1A-B152-A4B5F48B3F83}.Release|Any CPU.ActiveCfg = Release|Any CPU
		{F091EC43-F35B-4E1A-B152-A4B5F48B3F83}.Release|Any CPU.Build.0 = Release|Any CPU
		{D344AA4A-2F85-4DE2-966D-C0CFE2B07EDE}.Debug|Any CPU.ActiveCfg = Debug|Any CPU
		{D344AA4A-2F85-4DE2-966D-C0CFE2B07EDE}.Debug|Any CPU.Build.0 = Debug|Any CPU
		{D344AA4A-2F85-4DE2-966D-C0CFE2B07EDE}.Release|Any CPU.ActiveCfg = Debug|Any CPU
		{D344AA4A-2F85-4DE2-966D-C0CFE2B07EDE}.Release|Any CPU.Build.0 = Debug|Any CPU
	EndGlobalSection
	GlobalSection(SolutionProperties) = preSolution
		HideSolutionNode = FALSE
	EndGlobalSection
	GlobalSection(ExtensibilityGlobals) = postSolution
		SolutionGuid = {A542F59C-E1C7-40A9-914D-A00D8B5A9F6F}
	EndGlobalSection
EndGlobal
